// !$*UTF8*$!
{
	archiveVersion = 1;
	classes = {
	};
	objectVersion = 55;
	objects = {

/* Begin PBXBuildFile section */
		7F3806292884FEB40076EEEF /* CombineSample19App.swift in Sources */ = {isa = PBXBuildFile; fileRef = 7F3806282884FEB40076EEEF /* CombineSample19App.swift */; };
		7F38062B2884FEB40076EEEF /* ContentView.swift in Sources */ = {isa = PBXBuildFile; fileRef = 7F38062A2884FEB40076EEEF /* ContentView.swift */; };
		7F38062D2884FEBC0076EEEF /* Assets.xcassets in Resources */ = {isa = PBXBuildFile; fileRef = 7F38062C2884FEBC0076EEEF /* Assets.xcassets */; };
		7F3806302884FEBC0076EEEF /* Preview Assets.xcassets in Resources */ = {isa = PBXBuildFile; fileRef = 7F38062F2884FEBC0076EEEF /* Preview Assets.xcassets */; };
		7F38063B2884FFBF0076EEEF /* APIService.swift in Sources */ = {isa = PBXBuildFile; fileRef = 7F38063A2884FFBF0076EEEF /* APIService.swift */; };
		7F38063D2884FFE90076EEEF /* SearchRequestType.swift in Sources */ = {isa = PBXBuildFile; fileRef = 7F38063C2884FFE90076EEEF /* SearchRequestType.swift */; };
		7F38063F288500690076EEEF /* Repository.swift in Sources */ = {isa = PBXBuildFile; fileRef = 7F38063E288500690076EEEF /* Repository.swift */; };
		7F3806412885008F0076EEEF /* APIServiceError.swift in Sources */ = {isa = PBXBuildFile; fileRef = 7F3806402885008F0076EEEF /* APIServiceError.swift */; };
		7F380643288500BF0076EEEF /* SearchView.swift in Sources */ = {isa = PBXBuildFile; fileRef = 7F380642288500BF0076EEEF /* SearchView.swift */; };
		7F380645288500CE0076EEEF /* ShopsView.swift in Sources */ = {isa = PBXBuildFile; fileRef = 7F380644288500CE0076EEEF /* ShopsView.swift */; };
		7F380647288500DC0076EEEF /* CardView.swift in Sources */ = {isa = PBXBuildFile; fileRef = 7F380646288500DC0076EEEF /* CardView.swift */; };
		7F380649288501280076EEEF /* ShopsViewModel.swift in Sources */ = {isa = PBXBuildFile; fileRef = 7F380648288501280076EEEF /* ShopsViewModel.swift */; };
		7FA6CE94288E54250099FEDF /* DetailView.swift in Sources */ = {isa = PBXBuildFile; fileRef = 7FA6CE93288E54250099FEDF /* DetailView.swift */; };
/* End PBXBuildFile section */

/* Begin PBXFileReference section */
		7F3806252884FEB40076EEEF /* CombineSample19.app */ = {isa = PBXFileReference; explicitFileType = wrapper.application; includeInIndex = 0; path = CombineSample19.app; sourceTree = BUILT_PRODUCTS_DIR; };
		7F3806282884FEB40076EEEF /* CombineSample19App.swift */ = {isa = PBXFileReference; lastKnownFileType = sourcecode.swift; path = CombineSample19App.swift; sourceTree = "<group>"; };
		7F38062A2884FEB40076EEEF /* ContentView.swift */ = {isa = PBXFileReference; lastKnownFileType = sourcecode.swift; path = ContentView.swift; sourceTree = "<group>"; };
		7F38062C2884FEBC0076EEEF /* Assets.xcassets */ = {isa = PBXFileReference; lastKnownFileType = folder.assetcatalog; path = Assets.xcassets; sourceTree = "<group>"; };
		7F38062F2884FEBC0076EEEF /* Preview Assets.xcassets */ = {isa = PBXFileReference; lastKnownFileType = folder.assetcatalog; path = "Preview Assets.xcassets"; sourceTree = "<group>"; };
		7F38063A2884FFBF0076EEEF /* APIService.swift */ = {isa = PBXFileReference; lastKnownFileType = sourcecode.swift; path = APIService.swift; sourceTree = "<group>"; };
		7F38063C2884FFE90076EEEF /* SearchRequestType.swift */ = {isa = PBXFileReference; lastKnownFileType = sourcecode.swift; path = SearchRequestType.swift; sourceTree = "<group>"; };
		7F38063E288500690076EEEF /* Repository.swift */ = {isa = PBXFileReference; lastKnownFileType = sourcecode.swift; path = Repository.swift; sourceTree = "<group>"; };
		7F3806402885008F0076EEEF /* APIServiceError.swift */ = {isa = PBXFileReference; lastKnownFileType = sourcecode.swift; path = APIServiceError.swift; sourceTree = "<group>"; };
		7F380642288500BF0076EEEF /* SearchView.swift */ = {isa = PBXFileReference; lastKnownFileType = sourcecode.swift; path = SearchView.swift; sourceTree = "<group>"; };
		7F380644288500CE0076EEEF /* ShopsView.swift */ = {isa = PBXFileReference; lastKnownFileType = sourcecode.swift; path = ShopsView.swift; sourceTree = "<group>"; };
		7F380646288500DC0076EEEF /* CardView.swift */ = {isa = PBXFileReference; lastKnownFileType = sourcecode.swift; path = CardView.swift; sourceTree = "<group>"; };
		7F380648288501280076EEEF /* ShopsViewModel.swift */ = {isa = PBXFileReference; lastKnownFileType = sourcecode.swift; path = ShopsViewModel.swift; sourceTree = "<group>"; };
		7FA6CE93288E54250099FEDF /* DetailView.swift */ = {isa = PBXFileReference; lastKnownFileType = sourcecode.swift; path = DetailView.swift; sourceTree = "<group>"; };
/* End PBXFileReference section */

/* Begin PBXFrameworksBuildPhase section */
		7F3806222884FEB40076EEEF /* Frameworks */ = {
			isa = PBXFrameworksBuildPhase;
			buildActionMask = 2147483647;
			files = (
			);
			runOnlyForDeploymentPostprocessing = 0;
		};
/* End PBXFrameworksBuildPhase section */

/* Begin PBXGroup section */
		7F38061C2884FEB40076EEEF = {
			isa = PBXGroup;
			children = (
				7F3806272884FEB40076EEEF /* CombineSample19 */,
				7F3806262884FEB40076EEEF /* Products */,
			);
			sourceTree = "<group>";
		};
		7F3806262884FEB40076EEEF /* Products */ = {
			isa = PBXGroup;
			children = (
				7F3806252884FEB40076EEEF /* CombineSample19.app */,
			);
			name = Products;
			sourceTree = "<group>";
		};
		7F3806272884FEB40076EEEF /* CombineSample19 */ = {
			isa = PBXGroup;
			children = (
				7F3806392884FFA50076EEEF /* Model */,
				7F3806382884FF900076EEEF /* View */,
				7F3806372884FF000076EEEF /* ViewModel */,
				7F3806362884FEEF0076EEEF /* Error */,
				7F3806282884FEB40076EEEF /* CombineSample19App.swift */,
				7F38062A2884FEB40076EEEF /* ContentView.swift */,
				7F38062C2884FEBC0076EEEF /* Assets.xcassets */,
				7F38062E2884FEBC0076EEEF /* Preview Content */,
			);
			path = CombineSample19;
			sourceTree = "<group>";
		};
		7F38062E2884FEBC0076EEEF /* Preview Content */ = {
			isa = PBXGroup;
			children = (
				7F38062F2884FEBC0076EEEF /* Preview Assets.xcassets */,
			);
			path = "Preview Content";
			sourceTree = "<group>";
		};
		7F3806362884FEEF0076EEEF /* Error */ = {
			isa = PBXGroup;
			children = (
				7F3806402885008F0076EEEF /* APIServiceError.swift */,
			);
			path = Error;
			sourceTree = "<group>";
		};
		7F3806372884FF000076EEEF /* ViewModel */ = {
			isa = PBXGroup;
			children = (
				7F380648288501280076EEEF /* ShopsViewModel.swift */,
			);
			path = ViewModel;
			sourceTree = "<group>";
		};
		7F3806382884FF900076EEEF /* View */ = {
			isa = PBXGroup;
			children = (
				7F380642288500BF0076EEEF /* SearchView.swift */,
				7F380644288500CE0076EEEF /* ShopsView.swift */,
				7F380646288500DC0076EEEF /* CardView.swift */,
				7FA6CE93288E54250099FEDF /* DetailView.swift */,
			);
			path = View;
			sourceTree = "<group>";
		};
		7F3806392884FFA50076EEEF /* Model */ = {
			isa = PBXGroup;
			children = (
				7F38063A2884FFBF0076EEEF /* APIService.swift */,
				7F38063C2884FFE90076EEEF /* SearchRequestType.swift */,
				7F38063E288500690076EEEF /* Repository.swift */,
			);
			path = Model;
			sourceTree = "<group>";
		};
/* End PBXGroup section */

/* Begin PBXNativeTarget section */
		7F3806242884FEB40076EEEF /* CombineSample19 */ = {
			isa = PBXNativeTarget;
			buildConfigurationList = 7F3806332884FEBC0076EEEF /* Build configuration list for PBXNativeTarget "CombineSample19" */;
			buildPhases = (
				7F3806212884FEB40076EEEF /* Sources */,
				7F3806222884FEB40076EEEF /* Frameworks */,
				7F3806232884FEB40076EEEF /* Resources */,
			);
			buildRules = (
			);
			dependencies = (
			);
			name = CombineSample19;
			productName = CombineSample19;
			productReference = 7F3806252884FEB40076EEEF /* CombineSample19.app */;
			productType = "com.apple.product-type.application";
		};
/* End PBXNativeTarget section */

/* Begin PBXProject section */
		7F38061D2884FEB40076EEEF /* Project object */ = {
			isa = PBXProject;
			attributes = {
				BuildIndependentTargetsInParallel = 1;
				LastSwiftUpdateCheck = 1300;
				LastUpgradeCheck = 1300;
				TargetAttributes = {
					7F3806242884FEB40076EEEF = {
						CreatedOnToolsVersion = 13.0;
					};
				};
			};
			buildConfigurationList = 7F3806202884FEB40076EEEF /* Build configuration list for PBXProject "CombineSample19" */;
			compatibilityVersion = "Xcode 13.0";
			developmentRegion = en;
			hasScannedForEncodings = 0;
			knownRegions = (
				en,
				Base,
			);
			mainGroup = 7F38061C2884FEB40076EEEF;
			productRefGroup = 7F3806262884FEB40076EEEF /* Products */;
			projectDirPath = "";
			projectRoot = "";
			targets = (
				7F3806242884FEB40076EEEF /* CombineSample19 */,
			);
		};
/* End PBXProject section */

/* Begin PBXResourcesBuildPhase section */
		7F3806232884FEB40076EEEF /* Resources */ = {
			isa = PBXResourcesBuildPhase;
			buildActionMask = 2147483647;
			files = (
				7F3806302884FEBC0076EEEF /* Preview Assets.xcassets in Resources */,
				7F38062D2884FEBC0076EEEF /* Assets.xcassets in Resources */,
			);
			runOnlyForDeploymentPostprocessing = 0;
		};
/* End PBXResourcesBuildPhase section */

/* Begin PBXSourcesBuildPhase section */
		7F3806212884FEB40076EEEF /* Sources */ = {
			isa = PBXSourcesBuildPhase;
			buildActionMask = 2147483647;
			files = (
				7F38062B2884FEB40076EEEF /* ContentView.swift in Sources */,
				7F380647288500DC0076EEEF /* CardView.swift in Sources */,
				7F3806412885008F0076EEEF /* APIServiceError.swift in Sources */,
				7F380645288500CE0076EEEF /* ShopsView.swift in Sources */,
				7F38063B2884FFBF0076EEEF /* APIService.swift in Sources */,
				7FA6CE94288E54250099FEDF /* DetailView.swift in Sources */,
				7F380643288500BF0076EEEF /* SearchView.swift in Sources */,
				7F380649288501280076EEEF /* ShopsViewModel.swift in Sources */,
				7F38063F288500690076EEEF /* Repository.swift in Sources */,
				7F3806292884FEB40076EEEF /* CombineSample19App.swift in Sources */,
				7F38063D2884FFE90076EEEF /* SearchRequestType.swift in Sources */,
			);
			runOnlyForDeploymentPostprocessing = 0;
		};
/* End PBXSourcesBuildPhase section */

/* Begin XCBuildConfiguration section */
		7F3806312884FEBC0076EEEF /* Debug */ = {
			isa = XCBuildConfiguration;
			buildSettings = {
				ALWAYS_SEARCH_USER_PATHS = NO;
				CLANG_ANALYZER_NONNULL = YES;
				CLANG_ANALYZER_NUMBER_OBJECT_CONVERSION = YES_AGGRESSIVE;
				CLANG_CXX_LANGUAGE_STANDARD = "gnu++17";
				CLANG_CXX_LIBRARY = "libc++";
				CLANG_ENABLE_MODULES = YES;
				CLANG_ENABLE_OBJC_ARC = YES;
				CLANG_ENABLE_OBJC_WEAK = YES;
				CLANG_WARN_BLOCK_CAPTURE_AUTORELEASING = YES;
				CLANG_WARN_BOOL_CONVERSION = YES;
				CLANG_WARN_COMMA = YES;
				CLANG_WARN_CONSTANT_CONVERSION = YES;
				CLANG_WARN_DEPRECATED_OBJC_IMPLEMENTATIONS = YES;
				CLANG_WARN_DIRECT_OBJC_ISA_USAGE = YES_ERROR;
				CLANG_WARN_DOCUMENTATION_COMMENTS = YES;
				CLANG_WARN_EMPTY_BODY = YES;
				CLANG_WARN_ENUM_CONVERSION = YES;
				CLANG_WARN_INFINITE_RECURSION = YES;
				CLANG_WARN_INT_CONVERSION = YES;
				CLANG_WARN_NON_LITERAL_NULL_CONVERSION = YES;
				CLANG_WARN_OBJC_IMPLICIT_RETAIN_SELF = YES;
				CLANG_WARN_OBJC_LITERAL_CONVERSION = YES;
				CLANG_WARN_OBJC_ROOT_CLASS = YES_ERROR;
				CLANG_WARN_QUOTED_INCLUDE_IN_FRAMEWORK_HEADER = YES;
				CLANG_WARN_RANGE_LOOP_ANALYSIS = YES;
				CLANG_WARN_STRICT_PROTOTYPES = YES;
				CLANG_WARN_SUSPICIOUS_MOVE = YES;
				CLANG_WARN_UNGUARDED_AVAILABILITY = YES_AGGRESSIVE;
				CLANG_WARN_UNREACHABLE_CODE = YES;
				CLANG_WARN__DUPLICATE_METHOD_MATCH = YES;
				COPY_PHASE_STRIP = NO;
				DEBUG_INFORMATION_FORMAT = dwarf;
				ENABLE_STRICT_OBJC_MSGSEND = YES;
				ENABLE_TESTABILITY = YES;
				GCC_C_LANGUAGE_STANDARD = gnu11;
				GCC_DYNAMIC_NO_PIC = NO;
				GCC_NO_COMMON_BLOCKS = YES;
				GCC_OPTIMIZATION_LEVEL = 0;
				GCC_PREPROCESSOR_DEFINITIONS = (
					"DEBUG=1",
					"$(inherited)",
				);
				GCC_WARN_64_TO_32_BIT_CONVERSION = YES;
				GCC_WARN_ABOUT_RETURN_TYPE = YES_ERROR;
				GCC_WARN_UNDECLARED_SELECTOR = YES;
				GCC_WARN_UNINITIALIZED_AUTOS = YES_AGGRESSIVE;
				GCC_WARN_UNUSED_FUNCTION = YES;
				GCC_WARN_UNUSED_VARIABLE = YES;
				IPHONEOS_DEPLOYMENT_TARGET = 15.0;
				MTL_ENABLE_DEBUG_INFO = INCLUDE_SOURCE;
				MTL_FAST_MATH = YES;
				ONLY_ACTIVE_ARCH = YES;
				SDKROOT = iphoneos;
				SWIFT_ACTIVE_COMPILATION_CONDITIONS = DEBUG;
				SWIFT_OPTIMIZATION_LEVEL = "-Onone";
			};
			name = Debug;
		};
		7F3806322884FEBC0076EEEF /* Release */ = {
			isa = XCBuildConfiguration;
			buildSettings = {
				ALWAYS_SEARCH_USER_PATHS = NO;
				CLANG_ANALYZER_NONNULL = YES;
				CLANG_ANALYZER_NUMBER_OBJECT_CONVERSION = YES_AGGRESSIVE;
				CLANG_CXX_LANGUAGE_STANDARD = "gnu++17";
				CLANG_CXX_LIBRARY = "libc++";
				CLANG_ENABLE_MODULES = YES;
				CLANG_ENABLE_OBJC_ARC = YES;
				CLANG_ENABLE_OBJC_WEAK = YES;
				CLANG_WARN_BLOCK_CAPTURE_AUTORELEASING = YES;
				CLANG_WARN_BOOL_CONVERSION = YES;
				CLANG_WARN_COMMA = YES;
				CLANG_WARN_CONSTANT_CONVERSION = YES;
				CLANG_WARN_DEPRECATED_OBJC_IMPLEMENTATIONS = YES;
				CLANG_WARN_DIRECT_OBJC_ISA_USAGE = YES_ERROR;
				CLANG_WARN_DOCUMENTATION_COMMENTS = YES;
				CLANG_WARN_EMPTY_BODY = YES;
				CLANG_WARN_ENUM_CONVERSION = YES;
				CLANG_WARN_INFINITE_RECURSION = YES;
				CLANG_WARN_INT_CONVERSION = YES;
				CLANG_WARN_NON_LITERAL_NULL_CONVERSION = YES;
				CLANG_WARN_OBJC_IMPLICIT_RETAIN_SELF = YES;
				CLANG_WARN_OBJC_LITERAL_CONVERSION = YES;
				CLANG_WARN_OBJC_ROOT_CLASS = YES_ERROR;
				CLANG_WARN_QUOTED_INCLUDE_IN_FRAMEWORK_HEADER = YES;
				CLANG_WARN_RANGE_LOOP_ANALYSIS = YES;
				CLANG_WARN_STRICT_PROTOTYPES = YES;
				CLANG_WARN_SUSPICIOUS_MOVE = YES;
				CLANG_WARN_UNGUARDED_AVAILABILITY = YES_AGGRESSIVE;
				CLANG_WARN_UNREACHABLE_CODE = YES;
				CLANG_WARN__DUPLICATE_METHOD_MATCH = YES;
				COPY_PHASE_STRIP = NO;
				DEBUG_INFORMATION_FORMAT = "dwarf-with-dsym";
				ENABLE_NS_ASSERTIONS = NO;
				ENABLE_STRICT_OBJC_MSGSEND = YES;
				GCC_C_LANGUAGE_STANDARD = gnu11;
				GCC_NO_COMMON_BLOCKS = YES;
				GCC_WARN_64_TO_32_BIT_CONVERSION = YES;
				GCC_WARN_ABOUT_RETURN_TYPE = YES_ERROR;
				GCC_WARN_UNDECLARED_SELECTOR = YES;
				GCC_WARN_UNINITIALIZED_AUTOS = YES_AGGRESSIVE;
				GCC_WARN_UNUSED_FUNCTION = YES;
				GCC_WARN_UNUSED_VARIABLE = YES;
				IPHONEOS_DEPLOYMENT_TARGET = 15.0;
				MTL_ENABLE_DEBUG_INFO = NO;
				MTL_FAST_MATH = YES;
				SDKROOT = iphoneos;
				SWIFT_COMPILATION_MODE = wholemodule;
				SWIFT_OPTIMIZATION_LEVEL = "-O";
				VALIDATE_PRODUCT = YES;
			};
			name = Release;
		};
		7F3806342884FEBC0076EEEF /* Debug */ = {
			isa = XCBuildConfiguration;
			buildSettings = {
				ASSETCATALOG_COMPILER_APPICON_NAME = AppIcon;
				ASSETCATALOG_COMPILER_GLOBAL_ACCENT_COLOR_NAME = AccentColor;
				CODE_SIGN_STYLE = Automatic;
				CURRENT_PROJECT_VERSION = 1;
				DEVELOPMENT_ASSET_PATHS = "\"CombineSample19/Preview Content\"";
				DEVELOPMENT_TEAM = GF6F9Y8VM7;
				ENABLE_PREVIEWS = YES;
				GENERATE_INFOPLIST_FILE = YES;
				INFOPLIST_KEY_UIApplicationSceneManifest_Generation = YES;
				INFOPLIST_KEY_UIApplicationSupportsIndirectInputEvents = YES;
				INFOPLIST_KEY_UILaunchScreen_Generation = YES;
				INFOPLIST_KEY_UISupportedInterfaceOrientations_iPad = "UIInterfaceOrientationPortrait UIInterfaceOrientationPortraitUpsideDown UIInterfaceOrientationLandscapeLeft UIInterfaceOrientationLandscapeRight";
				INFOPLIST_KEY_UISupportedInterfaceOrientations_iPhone = "UIInterfaceOrientationPortrait UIInterfaceOrientationLandscapeLeft UIInterfaceOrientationLandscapeRight";
				IPHONEOS_DEPLOYMENT_TARGET = 14.0;
				LD_RUNPATH_SEARCH_PATHS = (
					"$(inherited)",
					"@executable_path/Frameworks",
				);
				MARKETING_VERSION = 1.0;
				PRODUCT_BUNDLE_IDENTIFIER = ac.jec.cm.0119.CombineSample19;
				PRODUCT_NAME = "$(TARGET_NAME)";
				SWIFT_EMIT_LOC_STRINGS = YES;
				SWIFT_VERSION = 5.0;
				TARGETED_DEVICE_FAMILY = "1,2";
			};
			name = Debug;
		};
		7F3806352884FEBC0076EEEF /* Release */ = {
			isa = XCBuildConfiguration;
			buildSettings = {
				ASSETCATALOG_COMPILER_APPICON_NAME = AppIcon;
				ASSETCATALOG_COMPILER_GLOBAL_ACCENT_COLOR_NAME = AccentColor;
				CODE_SIGN_STYLE = Automatic;
				CURRENT_PROJECT_VERSION = 1;
				DEVELOPMENT_ASSET_PATHS = "\"CombineSample19/Preview Content\"";
				DEVELOPMENT_TEAM = GF6F9Y8VM7;
				ENABLE_PREVIEWS = YES;
				GENERATE_INFOPLIST_FILE = YES;
				INFOPLIST_KEY_UIApplicationSceneManifest_Generation = YES;
				INFOPLIST_KEY_UIApplicationSupportsIndirectInputEvents = YES;
				INFOPLIST_KEY_UILaunchScreen_Generation = YES;
				INFOPLIST_KEY_UISupportedInterfaceOrientations_iPad = "UIInterfaceOrientationPortrait UIInterfaceOrientationPortraitUpsideDown UIInterfaceOrientationLandscapeLeft UIInterfaceOrientationLandscapeRight";
				INFOPLIST_KEY_UISupportedInterfaceOrientations_iPhone = "UIInterfaceOrientationPortrait UIInterfaceOrientationLandscapeLeft UIInterfaceOrientationLandscapeRight";
				IPHONEOS_DEPLOYMENT_TARGET = 14.0;
				LD_RUNPATH_SEARCH_PATHS = (
					"$(inherited)",
					"@executable_path/Frameworks",
				);
				MARKETING_VERSION = 1.0;
				PRODUCT_BUNDLE_IDENTIFIER = ac.jec.cm.0119.CombineSample19;
				PRODUCT_NAME = "$(TARGET_NAME)";
				SWIFT_EMIT_LOC_STRINGS = YES;
				SWIFT_VERSION = 5.0;
				TARGETED_DEVICE_FAMILY = "1,2";
			};
			name = Release;
		};
/* End XCBuildConfiguration section */

/* Begin XCConfigurationList section */
		7F3806202884FEB40076EEEF /* Build configuration list for PBXProject "CombineSample19" */ = {
			isa = XCConfigurationList;
			buildConfigurations = (
				7F3806312884FEBC0076EEEF /* Debug */,
				7F3806322884FEBC0076EEEF /* Release */,
			);
			defaultConfigurationIsVisible = 0;
			defaultConfigurationName = Release;
		};
		7F3806332884FEBC0076EEEF /* Build configuration list for PBXNativeTarget "CombineSample19" */ = {
			isa = XCConfigurationList;
			buildConfigurations = (
				7F3806342884FEBC0076EEEF /* Debug */,
				7F3806352884FEBC0076EEEF /* Release */,
			);
			defaultConfigurationIsVisible = 0;
			defaultConfigurationName = Release;
		};
/* End XCConfigurationList section */
	};
	rootObject = 7F38061D2884FEB40076EEEF /* Project object */;
}
